// !$*UTF8*$!
{
	archiveVersion = 1;
	classes = {
	};
	objectVersion = 77;
	objects = {

/* Begin PBXContainerItemProxy section */
		09B85F072FB0D3BD00DC1046 /* PBXContainerItemProxy */ = {
			isa = PBXContainerItemProxy;
			containerPortal = 09B85EF12FB0D3BC00DC1046 /* Project object */;
			proxyType = 1;
			remoteGlobalIDString = 09B85EF82FB0D3BC00DC1046;
			remoteInfo = Cmod;
		};
/* End PBXContainerItemProxy section */

/* Begin PBXBuildFile section */
		C0D000012FB1000100000003 /* CmodSparkle in Frameworks */ = {isa = PBXBuildFile; productRef = C0D000012FB1000100000002 /* CmodSparkle */; };
/* End PBXBuildFile section */

/* Begin PBXFileReference section */
		09B85EF92FB0D3BC00DC1046 /* Cmod.app */ = {isa = PBXFileReference; explicitFileType = wrapper.application; includeInIndex = 0; path = Cmod.app; sourceTree = BUILT_PRODUCTS_DIR; };
		09B85F062FB0D3BD00DC1046 /* CmodTests.xctest */ = {isa = PBXFileReference; explicitFileType = wrapper.cfbundle; includeInIndex = 0; path = CmodTests.xctest; sourceTree = BUILT_PRODUCTS_DIR; };
/* End PBXFileReference section */

/* Begin PBXFileSystemSynchronizedRootGroup section */
		09B85EFB2FB0D3BC00DC1046 /* Cmod */ = {
			isa = PBXFileSystemSynchronizedRootGroup;
			path = Cmod;
			sourceTree = "<group>";
		};
		09B85F092FB0D3BD00DC1046 /* CmodTests */ = {
			isa = PBXFileSystemSynchronizedRootGroup;
			path = CmodTests;
			sourceTree = "<group>";
		};
		C0D000012FB1000100000004 /* Dependencies */ = {
			isa = PBXFileSystemSynchronizedRootGroup;
			path = Dependencies;
			sourceTree = "<group>";
		};
/* End PBXFileSystemSynchronizedRootGroup section */

/* Begin PBXFrameworksBuildPhase section */
		09B85EF62FB0D3BC00DC1046 /* Frameworks */ = {
			isa = PBXFrameworksBuildPhase;
			buildActionMask = 2147483647;
			files = (
				C0D000012FB1000100000003 /* CmodSparkle in Frameworks */,
			);
			runOnlyForDeploymentPostprocessing = 0;
		};
		09B85F032FB0D3BD00DC1046 /* Frameworks */ = {
			isa = PBXFrameworksBuildPhase;
			buildActionMask = 2147483647;
			files = (
			);
			runOnlyForDeploymentPostprocessing = 0;
		};
/* End PBXFrameworksBuildPhase section */

/* Begin PBXGroup section */
		09B85EF02FB0D3BC00DC1046 = {
			isa = PBXGroup;
			children = (
				09B85EFB2FB0D3BC00DC1046 /* Cmod */,
				09B85F092FB0D3BD00DC1046 /* CmodTests */,
				C0D000012FB1000100000004 /* Dependencies */,
				09B85EFA2FB0D3BC00DC1046 /* Products */,
			);
			sourceTree = "<group>";
		};
		09B85EFA2FB0D3BC00DC1046 /* Products */ = {
			isa = PBXGroup;
			children = (
				09B85EF92FB0D3BC00DC1046 /* Cmod.app */,
				09B85F062FB0D3BD00DC1046 /* CmodTests.xctest */,
			);
			name = Products;
			sourceTree = "<group>";
		};
/* End PBXGroup section */

/* Begin PBXNativeTarget section */
		09B85EF82FB0D3BC00DC1046 /* Cmod */ = {
			isa = PBXNativeTarget;
			buildConfigurationList = 09B85F1A2FB0D3BD00DC1046 /* Build configuration list for PBXNativeTarget "Cmod" */;
			buildPhases = (
				C0D000012FB2000100000001 /* Generate BuildInfo */,
				09B85EF52FB0D3BC00DC1046 /* Sources */,
				09B85EF62FB0D3BC00DC1046 /* Frameworks */,
				09B85EF72FB0D3BC00DC1046 /* Resources */,
			);
			buildRules = (
			);
			dependencies = (
			);
			fileSystemSynchronizedGroups = (
				09B85EFB2FB0D3BC00DC1046 /* Cmod */,
			);
			name = Cmod;
			packageProductDependencies = (
				C0D000012FB1000100000002 /* CmodSparkle */,
			);
			productName = Cmod;
			productReference = 09B85EF92FB0D3BC00DC1046 /* Cmod.app */;
			productType = "com.apple.product-type.application";
		};
		09B85F052FB0D3BD00DC1046 /* CmodTests */ = {
			isa = PBXNativeTarget;
			buildConfigurationList = 09B85F1D2FB0D3BD00DC1046 /* Build configuration list for PBXNativeTarget "CmodTests" */;
			buildPhases = (
				09B85F022FB0D3BD00DC1046 /* Sources */,
				09B85F032FB0D3BD00DC1046 /* Frameworks */,
				09B85F042FB0D3BD00DC1046 /* Resources */,
			);
			buildRules = (
			);
			dependencies = (
				09B85F082FB0D3BD00DC1046 /* PBXTargetDependency */,
			);
			fileSystemSynchronizedGroups = (
				09B85F092FB0D3BD00DC1046 /* CmodTests */,
			);
			name = CmodTests;
			packageProductDependencies = (
			);
			productName = CmodTests;
			productReference = 09B85F062FB0D3BD00DC1046 /* CmodTests.xctest */;
			productType = "com.apple.product-type.bundle.unit-test";
		};
/* End PBXNativeTarget section */

/* Begin PBXProject section */
		09B85EF12FB0D3BC00DC1046 /* Project object */ = {
			isa = PBXProject;
			attributes = {
				BuildIndependentTargetsInParallel = 1;
				LastSwiftUpdateCheck = 2630;
				LastUpgradeCheck = 2630;
				TargetAttributes = {
					09B85EF82FB0D3BC00DC1046 = {
						CreatedOnToolsVersion = 26.3;
					};
					09B85F052FB0D3BD00DC1046 = {
						CreatedOnToolsVersion = 26.3;
						TestTargetID = 09B85EF82FB0D3BC00DC1046;
					};
				};
			};
			buildConfigurationList = 09B85EF42FB0D3BC00DC1046 /* Build configuration list for PBXProject "Cmod" */;
			developmentRegion = en;
			hasScannedForEncodings = 0;
			knownRegions = (
				en,
				Base,
			);
			mainGroup = 09B85EF02FB0D3BC00DC1046;
			minimizedProjectReferenceProxies = 1;
			packageReferences = (
				C0D000012FB1000100000001 /* XCLocalSwiftPackageReference "Dependencies/CmodSparkle" */,
			);
			preferredProjectObjectVersion = 77;
			productRefGroup = 09B85EFA2FB0D3BC00DC1046 /* Products */;
			projectDirPath = "";
			projectRoot = "";
			targets = (
				09B85EF82FB0D3BC00DC1046 /* Cmod */,
				09B85F052FB0D3BD00DC1046 /* CmodTests */,
			);
		};
/* End PBXProject section */

/* Begin PBXResourcesBuildPhase section */
		09B85EF72FB0D3BC00DC1046 /* Resources */ = {
			isa = PBXResourcesBuildPhase;
			buildActionMask = 2147483647;
			files = (
			);
			runOnlyForDeploymentPostprocessing = 0;
		};
		09B85F042FB0D3BD00DC1046 /* Resources */ = {
			isa = PBXResourcesBuildPhase;
			buildActionMask = 2147483647;
			files = (
			);
			runOnlyForDeploymentPostprocessing = 0;
		};
/* End PBXResourcesBuildPhase section */

/* Begin PBXShellScriptBuildPhase section */
		C0D000012FB2000100000001 /* Generate BuildInfo */ = {
			isa = PBXShellScriptBuildPhase;
			alwaysOutOfDate = 1;
			buildActionMask = 2147483647;
			files = (
			);
			inputPaths = (
			);
			name = "Generate BuildInfo";
			outputPaths = (
				"$(SRCROOT)/Cmod/BuildInfo.generated.swift",
			);
			runOnlyForDeploymentPostprocessing = 0;
			shellPath = /bin/sh;
			shellScript = "GIT_HASH=$(git -C \"${SRCROOT}\" rev-parse --short HEAD 2>/dev/null || echo \"unknown\")\nGIT_HASH_FULL=$(git -C \"${SRCROOT}\" rev-parse HEAD 2>/dev/null || echo \"unknown\")\nBUILD_VERSION=\"${MARKETING_VERSION:-}\"\nif [ -z \"$BUILD_VERSION\" ]; then\n  GIT_TAG=$(git -C \"${SRCROOT}\" describe --tags --abbrev=0 2>/dev/null || echo \"\")\n  BUILD_VERSION=${GIT_TAG#v}\nfi\nif [ -z \"$BUILD_VERSION\" ]; then\n  BUILD_VERSION=\"unknown\"\nfi\nOUTPUT=\"${SRCROOT}/Cmod/BuildInfo.generated.swift\"\ncat > \"$OUTPUT\" <<SWIFTEOF\n// Auto-generated by Xcode Build Phase. Do not edit.\n// Values below are placeholders overwritten at build time with git info.\n\nenum BuildInfo {\n    static let gitCommitHash = \"$GIT_HASH\"\n    static let gitCommitHashFull = \"$GIT_HASH_FULL\"\n    static let version = \"$BUILD_VERSION\"\n}\nSWIFTEOF\n";
		};
/* End PBXShellScriptBuildPhase section */

/* Begin PBXSourcesBuildPhase section */
		09B85EF52FB0D3BC00DC1046 /* Sources */ = {
			isa = PBXSourcesBuildPhase;
			buildActionMask = 2147483647;
			files = (
			);
			runOnlyForDeploymentPostprocessing = 0;
		};
		09B85F022FB0D3BD00DC1046 /* Sources */ = {
			isa = PBXSourcesBuildPhase;
			buildActionMask = 2147483647;
			files = (
			);
			runOnlyForDeploymentPostprocessing = 0;
		};
/* End PBXSourcesBuildPhase section */

/* Begin PBXTargetDependency section */
		09B85F082FB0D3BD00DC1046 /* PBXTargetDependency */ = {
			isa = PBXTargetDependency;
			target = 09B85EF82FB0D3BC00DC1046 /* Cmod */;
			targetProxy = 09B85F072FB0D3BD00DC1046 /* PBXContainerItemProxy */;
		};
/* End PBXTargetDependency section */

/* Begin XCBuildConfiguration section */
		09B85F182FB0D3BD00DC1046 /* Debug */ = {
			isa = XCBuildConfiguration;
			buildSettings = {
				ALWAYS_SEARCH_USER_PATHS = NO;
				ASSETCATALOG_COMPILER_GENERATE_SWIFT_ASSET_SYMBOL_EXTENSIONS = YES;
				CLANG_ANALYZER_NONNULL = YES;
				CLANG_ANALYZER_NUMBER_OBJECT_CONVERSION = YES_AGGRESSIVE;
				CLANG_CXX_LANGUAGE_STANDARD = "gnu++20";
				CLANG_ENABLE_MODULES = YES;
				CLANG_ENABLE_OBJC_ARC = YES;
				CLANG_ENABLE_OBJC_WEAK = YES;
				CLANG_WARN_BLOCK_CAPTURE_AUTORELEASING = YES;
				CLANG_WARN_BOOL_CONVERSION = YES;
				CLANG_WARN_COMMA = YES;
				CLANG_WARN_CONSTANT_CONVERSION = YES;
				CLANG_WARN_DEPRECATED_OBJC_IMPLEMENTATIONS = YES;
				CLANG_WARN_DIRECT_OBJC_ISA_USAGE = YES_ERROR;
				CLANG_WARN_DOCUMENTATION_COMMENTS = YES;
				CLANG_WARN_EMPTY_BODY = YES;
				CLANG_WARN_ENUM_CONVERSION = YES;
				CLANG_WARN_INFINITE_RECURSION = YES;
				CLANG_WARN_INT_CONVERSION = YES;
				CLANG_WARN_NON_LITERAL_NULL_CONVERSION = YES;
				CLANG_WARN_OBJC_IMPLICIT_RETAIN_SELF = YES;
				CLANG_WARN_OBJC_LITERAL_CONVERSION = YES;
				CLANG_WARN_OBJC_ROOT_CLASS = YES_ERROR;
				CLANG_WARN_QUOTED_INCLUDE_IN_FRAMEWORK_HEADER = YES;
				CLANG_WARN_RANGE_LOOP_ANALYSIS = YES;
				CLANG_WARN_STRICT_PROTOTYPES = YES;
				CLANG_WARN_SUSPICIOUS_MOVE = YES;
				CLANG_WARN_UNGUARDED_AVAILABILITY = YES_AGGRESSIVE;
				CLANG_WARN_UNREACHABLE_CODE = YES;
				CLANG_WARN__DUPLICATE_METHOD_MATCH = YES;
				COPY_PHASE_STRIP = NO;
				DEBUG_INFORMATION_FORMAT = dwarf;
				DEVELOPMENT_TEAM = 857365MUEG;
				ENABLE_STRICT_OBJC_MSGSEND = YES;
				ENABLE_TESTABILITY = YES;
				ENABLE_USER_SCRIPT_SANDBOXING = NO;
				GCC_C_LANGUAGE_STANDARD = gnu17;
				GCC_DYNAMIC_NO_PIC = NO;
				GCC_NO_COMMON_BLOCKS = YES;
				GCC_OPTIMIZATION_LEVEL = 0;
				GCC_PREPROCESSOR_DEFINITIONS = (
					"DEBUG=1",
					"$(inherited)",
				);
				GCC_WARN_64_TO_32_BIT_CONVERSION = YES;
				GCC_WARN_ABOUT_RETURN_TYPE = YES_ERROR;
				GCC_WARN_UNDECLARED_SELECTOR = YES;
				GCC_WARN_UNINITIALIZED_AUTOS = YES_AGGRESSIVE;
				GCC_WARN_UNUSED_FUNCTION = YES;
				GCC_WARN_UNUSED_VARIABLE = YES;
				LOCALIZATION_PREFERS_STRING_CATALOGS = YES;
				MACOSX_DEPLOYMENT_TARGET = 15.5;
				MTL_ENABLE_DEBUG_INFO = INCLUDE_SOURCE;
				MTL_FAST_MATH = YES;
				ONLY_ACTIVE_ARCH = YES;
				SDKROOT = macosx;
				SWIFT_ACTIVE_COMPILATION_CONDITIONS = "DEBUG $(inherited)";
				SWIFT_OPTIMIZATION_LEVEL = "-Onone";
			};
			name = Debug;
		};
		09B85F192FB0D3BD00DC1046 /* Release */ = {
			isa = XCBuildConfiguration;
			buildSettings = {
				ALWAYS_SEARCH_USER_PATHS = NO;
				ASSETCATALOG_COMPILER_GENERATE_SWIFT_ASSET_SYMBOL_EXTENSIONS = YES;
				CLANG_ANALYZER_NONNULL = YES;
				CLANG_ANALYZER_NUMBER_OBJECT_CONVERSION = YES_AGGRESSIVE;
				CLANG_CXX_LANGUAGE_STANDARD = "gnu++20";
				CLANG_ENABLE_MODULES = YES;
				CLANG_ENABLE_OBJC_ARC = YES;
				CLANG_ENABLE_OBJC_WEAK = YES;
				CLANG_WARN_BLOCK_CAPTURE_AUTORELEASING = YES;
				CLANG_WARN_BOOL_CONVERSION = YES;
				CLANG_WARN_COMMA = YES;
				CLANG_WARN_CONSTANT_CONVERSION = YES;
				CLANG_WARN_DEPRECATED_OBJC_IMPLEMENTATIONS = YES;
				CLANG_WARN_DIRECT_OBJC_ISA_USAGE = YES_ERROR;
				CLANG_WARN_DOCUMENTATION_COMMENTS = YES;
				CLANG_WARN_EMPTY_BODY = YES;
				CLANG_WARN_ENUM_CONVERSION = YES;
				CLANG_WARN_INFINITE_RECURSION = YES;
				CLANG_WARN_INT_CONVERSION = YES;
				CLANG_WARN_NON_LITERAL_NULL_CONVERSION = YES;
				CLANG_WARN_OBJC_IMPLICIT_RETAIN_SELF = YES;
				CLANG_WARN_OBJC_LITERAL_CONVERSION = YES;
				CLANG_WARN_OBJC_ROOT_CLASS = YES_ERROR;
				CLANG_WARN_QUOTED_INCLUDE_IN_FRAMEWORK_HEADER = YES;
				CLANG_WARN_RANGE_LOOP_ANALYSIS = YES;
				CLANG_WARN_STRICT_PROTOTYPES = YES;
				CLANG_WARN_SUSPICIOUS_MOVE = YES;
				CLANG_WARN_UNGUARDED_AVAILABILITY = YES_AGGRESSIVE;
				CLANG_WARN_UNREACHABLE_CODE = YES;
				CLANG_WARN__DUPLICATE_METHOD_MATCH = YES;
				COPY_PHASE_STRIP = NO;
				DEBUG_INFORMATION_FORMAT = "dwarf-with-dsym";
				DEVELOPMENT_TEAM = 857365MUEG;
				ENABLE_NS_ASSERTIONS = NO;
				ENABLE_STRICT_OBJC_MSGSEND = YES;
				ENABLE_USER_SCRIPT_SANDBOXING = NO;
				GCC_C_LANGUAGE_STANDARD = gnu17;
				GCC_NO_COMMON_BLOCKS = YES;
				GCC_WARN_64_TO_32_BIT_CONVERSION = YES;
				GCC_WARN_ABOUT_RETURN_TYPE = YES_ERROR;
				GCC_WARN_UNDECLARED_SELECTOR = YES;
				GCC_WARN_UNINITIALIZED_AUTOS = YES_AGGRESSIVE;
				GCC_WARN_UNUSED_FUNCTION = YES;
				GCC_WARN_UNUSED_VARIABLE = YES;
				LOCALIZATION_PREFERS_STRING_CATALOGS = YES;
				MACOSX_DEPLOYMENT_TARGET = 15.5;
				MTL_ENABLE_DEBUG_INFO = NO;
				MTL_FAST_MATH = YES;
				SDKROOT = macosx;
				SWIFT_COMPILATION_MODE = wholemodule;
			};
			name = Release;
		};
		09B85F1B2FB0D3BD00DC1046 /* Debug */ = {
			isa = XCBuildConfiguration;
			buildSettings = {
				ASSETCATALOG_COMPILER_APPICON_NAME = AppIcon;
				ASSETCATALOG_COMPILER_GLOBAL_ACCENT_COLOR_NAME = AccentColor;
				CODE_SIGN_STYLE = Automatic;
				COMBINE_HIDPI_IMAGES = YES;
				CURRENT_PROJECT_VERSION = 1;
				DEVELOPMENT_TEAM = 857365MUEG;
				ENABLE_APP_SANDBOX = NO;
				ENABLE_HARDENED_RUNTIME = YES;
				ENABLE_PREVIEWS = YES;
				ENABLE_USER_SELECTED_FILES = "";
				GENERATE_INFOPLIST_FILE = NO;
				INFOPLIST_FILE = Config/Cmod-Info.plist;
				INFOPLIST_KEY_NSHumanReadableCopyright = "";
				LD_RUNPATH_SEARCH_PATHS = (
					"$(inherited)",
					"@executable_path/../Frameworks",
				);
				MARKETING_VERSION = 1.0;
				PRODUCT_BUNDLE_IDENTIFIER = com.mkusaka.Cmod;
				PRODUCT_NAME = "$(TARGET_NAME)";
				REGISTER_APP_GROUPS = YES;
				STRING_CATALOG_GENERATE_SYMBOLS = YES;
				SWIFT_APPROACHABLE_CONCURRENCY = YES;
				SWIFT_DEFAULT_ACTOR_ISOLATION = MainActor;
				SWIFT_EMIT_LOC_STRINGS = YES;
				SWIFT_UPCOMING_FEATURE_MEMBER_IMPORT_VISIBILITY = YES;
				SWIFT_VERSION = 5.0;
			};
			name = Debug;
		};
		09B85F1C2FB0D3BD00DC1046 /* Release */ = {
			isa = XCBuildConfiguration;
			buildSettings = {
				ASSETCATALOG_COMPILER_APPICON_NAME = AppIcon;
				ASSETCATALOG_COMPILER_GLOBAL_ACCENT_COLOR_NAME = AccentColor;
				CODE_SIGN_STYLE = Automatic;
				COMBINE_HIDPI_IMAGES = YES;
				CURRENT_PROJECT_VERSION = 1;
				DEVELOPMENT_TEAM = 857365MUEG;
				ENABLE_APP_SANDBOX = NO;
				ENABLE_HARDENED_RUNTIME = YES;
				ENABLE_PREVIEWS = YES;
				ENABLE_USER_SELECTED_FILES = "";
				GENERATE_INFOPLIST_FILE = NO;
				INFOPLIST_FILE = Config/Cmod-Info.plist;
				INFOPLIST_KEY_NSHumanReadableCopyright = "";
				LD_RUNPATH_SEARCH_PATHS = (
					"$(inherited)",
					"@executable_path/../Frameworks",
				);
				MARKETING_VERSION = 1.0;
				PRODUCT_BUNDLE_IDENTIFIER = com.mkusaka.Cmod;
				PRODUCT_NAME = "$(TARGET_NAME)";
				REGISTER_APP_GROUPS = YES;
				STRING_CATALOG_GENERATE_SYMBOLS = YES;
				SWIFT_APPROACHABLE_CONCURRENCY = YES;
				SWIFT_DEFAULT_ACTOR_ISOLATION = MainActor;
				SWIFT_EMIT_LOC_STRINGS = YES;
				SWIFT_UPCOMING_FEATURE_MEMBER_IMPORT_VISIBILITY = YES;
				SWIFT_VERSION = 5.0;
			};
			name = Release;
		};
		09B85F1E2FB0D3BD00DC1046 /* Debug */ = {
			isa = XCBuildConfiguration;
			buildSettings = {
				BUNDLE_LOADER = "$(TEST_HOST)";
				CODE_SIGN_STYLE = Automatic;
				CURRENT_PROJECT_VERSION = 1;
				DEVELOPMENT_TEAM = 857365MUEG;
				GENERATE_INFOPLIST_FILE = YES;
				MACOSX_DEPLOYMENT_TARGET = 15.5;
				MARKETING_VERSION = 1.0;
				PRODUCT_BUNDLE_IDENTIFIER = com.mkusaka.CmodTests;
				PRODUCT_NAME = "$(TARGET_NAME)";
				STRING_CATALOG_GENERATE_SYMBOLS = NO;
				SWIFT_APPROACHABLE_CONCURRENCY = YES;
				SWIFT_EMIT_LOC_STRINGS = NO;
				SWIFT_UPCOMING_FEATURE_MEMBER_IMPORT_VISIBILITY = YES;
				SWIFT_VERSION = 5.0;
				TEST_HOST = "$(BUILT_PRODUCTS_DIR)/Cmod.app/$(BUNDLE_EXECUTABLE_FOLDER_PATH)/Cmod";
			};
			name = Debug;
		};
		09B85F1F2FB0D3BD00DC1046 /* Release */ = {
			isa = XCBuildConfiguration;
			buildSettings = {
				BUNDLE_LOADER = "$(TEST_HOST)";
				CODE_SIGN_STYLE = Automatic;
				CURRENT_PROJECT_VERSION = 1;
				DEVELOPMENT_TEAM = 857365MUEG;
				GENERATE_INFOPLIST_FILE = YES;
				MACOSX_DEPLOYMENT_TARGET = 15.5;
				MARKETING_VERSION = 1.0;
				PRODUCT_BUNDLE_IDENTIFIER = com.mkusaka.CmodTests;
				PRODUCT_NAME = "$(TARGET_NAME)";
				STRING_CATALOG_GENERATE_SYMBOLS = NO;
				SWIFT_APPROACHABLE_CONCURRENCY = YES;
				SWIFT_EMIT_LOC_STRINGS = NO;
				SWIFT_UPCOMING_FEATURE_MEMBER_IMPORT_VISIBILITY = YES;
				SWIFT_VERSION = 5.0;
				TEST_HOST = "$(BUILT_PRODUCTS_DIR)/Cmod.app/$(BUNDLE_EXECUTABLE_FOLDER_PATH)/Cmod";
			};
			name = Release;
		};
/* End XCBuildConfiguration section */

/* Begin XCConfigurationList section */
		09B85EF42FB0D3BC00DC1046 /* Build configuration list for PBXProject "Cmod" */ = {
			isa = XCConfigurationList;
			buildConfigurations = (
				09B85F182FB0D3BD00DC1046 /* Debug */,
				09B85F192FB0D3BD00DC1046 /* Release */,
			);
			defaultConfigurationIsVisible = 0;
			defaultConfigurationName = Release;
		};
		09B85F1A2FB0D3BD00DC1046 /* Build configuration list for PBXNativeTarget "Cmod" */ = {
			isa = XCConfigurationList;
			buildConfigurations = (
				09B85F1B2FB0D3BD00DC1046 /* Debug */,
				09B85F1C2FB0D3BD00DC1046 /* Release */,
			);
			defaultConfigurationIsVisible = 0;
			defaultConfigurationName = Release;
		};
		09B85F1D2FB0D3BD00DC1046 /* Build configuration list for PBXNativeTarget "CmodTests" */ = {
			isa = XCConfigurationList;
			buildConfigurations = (
				09B85F1E2FB0D3BD00DC1046 /* Debug */,
				09B85F1F2FB0D3BD00DC1046 /* Release */,
			);
			defaultConfigurationIsVisible = 0;
			defaultConfigurationName = Release;
		};
/* End XCConfigurationList section */

/* Begin XCLocalSwiftPackageReference section */
		C0D000012FB1000100000001 /* XCLocalSwiftPackageReference "Dependencies/CmodSparkle" */ = {
			isa = XCLocalSwiftPackageReference;
			relativePath = Dependencies/CmodSparkle;
		};
/* End XCLocalSwiftPackageReference section */

/* Begin XCSwiftPackageProductDependency section */
		C0D000012FB1000100000002 /* CmodSparkle */ = {
			isa = XCSwiftPackageProductDependency;
			productName = CmodSparkle;
		};
/* End XCSwiftPackageProductDependency section */
	};
	rootObject = 09B85EF12FB0D3BC00DC1046 /* Project object */;
}
